# This file is automatically @generated by Poetry 1.7.1 and should not be changed by hand.

[[package]]
name = "ignr"
version = "2.2"
description = "Python command line client to download.gitignore templates from gitignore.io"
optional = false
python-versions = "*"
files = [
    {file = "ignr-2.2-py3-none-any.whl", hash = "sha256:e8b6276aedab79b066d795e6e4b3f7b4c5668b68bf50a6c4fbf2b0cd17dda1db"},
    {file = "ignr-2.2.tar.gz", hash = "sha256:382a81be67a34538a11ff8ab69063419b388cc32f01b4ace599c3f1c06526df4"},
]

[metadata]
lock-version = "2.0"
python-versions = "^3.10"
content-hash = "cd5e1e69ceb308803db0b2a3ad5fa7ef70ea9a3e71e0e9290bd2c4803c57bb41"
